# Versions present when this snapshot was created. The installer uses current
# CachyOS/AUR packages; this file is a compatibility reference, not a pin.
anifetch-cli 1.0.6-1
chromium 150.0.7871.181-1.1
easyeffects 8.2.8-1.1
helium-browser-bin 0.14.8.2-1
hyprland 0.56.0-2.1
kitty 0.48.0-1.1
neovim 0.12.4-1.1
quickshell 0.3.0-2.1
tide-island 1.0.28-1
yazi 26.5.6-4.1
